// !$*UTF8*$!
{
	archiveVersion = 1;
	classes = {
	};
	objectVersion = 56;
	objects = {

/* Begin PBXBuildFile section */
		6481096D2AA7D4EF006A751C /* WeatherApp.swift in Sources */ = {isa = PBXBuildFile; fileRef = 6481096C2AA7D4EF006A751C /* WeatherApp.swift */; };
		6481096F2AA7D4EF006A751C /* CurrentWeatherView.swift in Sources */ = {isa = PBXBuildFile; fileRef = 6481096E2AA7D4EF006A751C /* CurrentWeatherView.swift */; };
		648109712AA7D4F0006A751C /* Assets.xcassets in Resources */ = {isa = PBXBuildFile; fileRef = 648109702AA7D4F0006A751C /* Assets.xcassets */; };
		648109742AA7D4F0006A751C /* Preview Assets.xcassets in Resources */ = {isa = PBXBuildFile; fileRef = 648109732AA7D4F0006A751C /* Preview Assets.xcassets */; };
		649B01EB2AA7DA0B0039CCB5 /* CurrentWeatherEntity.swift in Sources */ = {isa = PBXBuildFile; fileRef = 649B01EA2AA7DA0B0039CCB5 /* CurrentWeatherEntity.swift */; };
		649B01EE2AA7DAB00039CCB5 /* CurrentWeather.swift in Sources */ = {isa = PBXBuildFile; fileRef = 649B01ED2AA7DAB00039CCB5 /* CurrentWeather.swift */; };
		649B01F02AA7DB4D0039CCB5 /* WeatherDataSource.swift in Sources */ = {isa = PBXBuildFile; fileRef = 649B01EF2AA7DB4D0039CCB5 /* WeatherDataSource.swift */; };
		649B01F32AA7DBAB0039CCB5 /* Coordinate.swift in Sources */ = {isa = PBXBuildFile; fileRef = 649B01F22AA7DBAB0039CCB5 /* Coordinate.swift */; };
		649B01F52AA7DBD60039CCB5 /* Units.swift in Sources */ = {isa = PBXBuildFile; fileRef = 649B01F42AA7DBD60039CCB5 /* Units.swift */; };
		649B01F72AA7DC340039CCB5 /* WeatherAPIImpl.swift in Sources */ = {isa = PBXBuildFile; fileRef = 649B01F62AA7DC340039CCB5 /* WeatherAPIImpl.swift */; };
		649B01FA2AA7DC570039CCB5 /* Factory in Frameworks */ = {isa = PBXBuildFile; productRef = 649B01F92AA7DC570039CCB5 /* Factory */; };
		649B01FC2AA7DCE20039CCB5 /* GlobalConstants.swift in Sources */ = {isa = PBXBuildFile; fileRef = 649B01FB2AA7DCE20039CCB5 /* GlobalConstants.swift */; };
		649B02002AA7DECB0039CCB5 /* Endpoint.swift in Sources */ = {isa = PBXBuildFile; fileRef = 649B01FF2AA7DECB0039CCB5 /* Endpoint.swift */; };
		649B02022AA7DF5A0039CCB5 /* RequestMethod.swift in Sources */ = {isa = PBXBuildFile; fileRef = 649B02012AA7DF5A0039CCB5 /* RequestMethod.swift */; };
		649B02042AA7DF7B0039CCB5 /* RequestError.swift in Sources */ = {isa = PBXBuildFile; fileRef = 649B02032AA7DF7B0039CCB5 /* RequestError.swift */; };
		649B02062AA7DFA80039CCB5 /* HTTPClient.swift in Sources */ = {isa = PBXBuildFile; fileRef = 649B02052AA7DFA80039CCB5 /* HTTPClient.swift */; };
		649B02082AA7E05E0039CCB5 /* WeatherEndpoints.swift in Sources */ = {isa = PBXBuildFile; fileRef = 649B02072AA7E05E0039CCB5 /* WeatherEndpoints.swift */; };
		649B020A2AA7E6D00039CCB5 /* WeatherRepository.swift in Sources */ = {isa = PBXBuildFile; fileRef = 649B02092AA7E6D00039CCB5 /* WeatherRepository.swift */; };
		649B020C2AA7E7190039CCB5 /* WeatherRepositoryImpl.swift in Sources */ = {isa = PBXBuildFile; fileRef = 649B020B2AA7E7190039CCB5 /* WeatherRepositoryImpl.swift */; };
		649B020E2AA7E7330039CCB5 /* CoreContainer.swift in Sources */ = {isa = PBXBuildFile; fileRef = 649B020D2AA7E7330039CCB5 /* CoreContainer.swift */; };
		649B02112AA7E79F0039CCB5 /* CoreContainer+DataSources.swift in Sources */ = {isa = PBXBuildFile; fileRef = 649B02102AA7E79F0039CCB5 /* CoreContainer+DataSources.swift */; };
		649B02132AA7E7AC0039CCB5 /* CoreContainer+Repositories.swift in Sources */ = {isa = PBXBuildFile; fileRef = 649B02122AA7E7AC0039CCB5 /* CoreContainer+Repositories.swift */; };
		649B02152AA7E7B70039CCB5 /* CoreContainer+UseCases.swift in Sources */ = {isa = PBXBuildFile; fileRef = 649B02142AA7E7B70039CCB5 /* CoreContainer+UseCases.swift */; };
		649B02172AA7E8AD0039CCB5 /* GetCurrentWeatherUseCase.swift in Sources */ = {isa = PBXBuildFile; fileRef = 649B02162AA7E8AD0039CCB5 /* GetCurrentWeatherUseCase.swift */; };
		649B02192AA7EA750039CCB5 /* CurrentWeatherViewModel.swift in Sources */ = {isa = PBXBuildFile; fileRef = 649B02182AA7EA750039CCB5 /* CurrentWeatherViewModel.swift */; };
		649B021B2AA7F58C0039CCB5 /* NetworkDataLoader.swift in Sources */ = {isa = PBXBuildFile; fileRef = 649B021A2AA7F58C0039CCB5 /* NetworkDataLoader.swift */; };
		649B021D2AA8665F0039CCB5 /* WeatherBackgroundView.swift in Sources */ = {isa = PBXBuildFile; fileRef = 649B021C2AA8665F0039CCB5 /* WeatherBackgroundView.swift */; };
		649B021F2AA8793A0039CCB5 /* Color+Hex.swift in Sources */ = {isa = PBXBuildFile; fileRef = 649B021E2AA8793A0039CCB5 /* Color+Hex.swift */; };
		649B02212AA87C7E0039CCB5 /* DegreeView.swift in Sources */ = {isa = PBXBuildFile; fileRef = 649B02202AA87C7E0039CCB5 /* DegreeView.swift */; };
		649B02242AA917330039CCB5 /* SkyBackgroundView.swift in Sources */ = {isa = PBXBuildFile; fileRef = 649B02232AA917330039CCB5 /* SkyBackgroundView.swift */; };
		649B02262AA917BE0039CCB5 /* CloudsView.swift in Sources */ = {isa = PBXBuildFile; fileRef = 649B02252AA917BE0039CCB5 /* CloudsView.swift */; };
		649B02282AA9185A0039CCB5 /* SunView.swift in Sources */ = {isa = PBXBuildFile; fileRef = 649B02272AA9185A0039CCB5 /* SunView.swift */; };
		649B022B2AA91B8E0039CCB5 /* Mocks.Generated.swift in Sources */ = {isa = PBXBuildFile; fileRef = 649B022A2AA91B8E0039CCB5 /* Mocks.Generated.swift */; };
		649B02322AA91D110039CCB5 /* MockContainer.swift in Sources */ = {isa = PBXBuildFile; fileRef = 649B02312AA91D110039CCB5 /* MockContainer.swift */; };
		649B02342AA91D300039CCB5 /* WeatherTestCase.swift in Sources */ = {isa = PBXBuildFile; fileRef = 649B02332AA91D300039CCB5 /* WeatherTestCase.swift */; };
		649B02362AA920770039CCB5 /* LocationManager.swift in Sources */ = {isa = PBXBuildFile; fileRef = 649B02352AA920770039CCB5 /* LocationManager.swift */; };
		649B02402AA9325F0039CCB5 /* CurrentWeatherViewModel+TestData.swift in Sources */ = {isa = PBXBuildFile; fileRef = 649B023F2AA9325F0039CCB5 /* CurrentWeatherViewModel+TestData.swift */; };
		649B02432AAA26EF0039CCB5 /* LocationSearchView.swift in Sources */ = {isa = PBXBuildFile; fileRef = 649B02422AAA26EF0039CCB5 /* LocationSearchView.swift */; };
		649B02452AAA27AA0039CCB5 /* FlipCardView.swift in Sources */ = {isa = PBXBuildFile; fileRef = 649B02442AAA27AA0039CCB5 /* FlipCardView.swift */; };
		649B02472AAA2C6E0039CCB5 /* LocationEntity.swift in Sources */ = {isa = PBXBuildFile; fileRef = 649B02462AAA2C6E0039CCB5 /* LocationEntity.swift */; };
		649B02492AAA2D070039CCB5 /* Location.swift in Sources */ = {isa = PBXBuildFile; fileRef = 649B02482AAA2D070039CCB5 /* Location.swift */; };
		649B024B2AAA2E2B0039CCB5 /* GetLocationsUseCase.swift in Sources */ = {isa = PBXBuildFile; fileRef = 649B024A2AAA2E2B0039CCB5 /* GetLocationsUseCase.swift */; };
		649B024D2AAA2E800039CCB5 /* LocationSearchViewModel.swift in Sources */ = {isa = PBXBuildFile; fileRef = 649B024C2AAA2E800039CCB5 /* LocationSearchViewModel.swift */; };
		649B024F2AAA6B180039CCB5 /* ErrorView.swift in Sources */ = {isa = PBXBuildFile; fileRef = 649B024E2AAA6B180039CCB5 /* ErrorView.swift */; };
		649B02562AAA6FD60039CCB5 /* LocationSearchViewModel+TestData.swift in Sources */ = {isa = PBXBuildFile; fileRef = 649B02552AAA6FD60039CCB5 /* LocationSearchViewModel+TestData.swift */; };
		649B02582AAA706C0039CCB5 /* Location+TestData.swift in Sources */ = {isa = PBXBuildFile; fileRef = 649B02572AAA706C0039CCB5 /* Location+TestData.swift */; };
		649B025D2AAA7B220039CCB5 /* WeatherAPITests.swift in Sources */ = {isa = PBXBuildFile; fileRef = 649B025C2AAA7B220039CCB5 /* WeatherAPITests.swift */; };
		649B02602AAA803F0039CCB5 /* CurrentWeatherEntity+TestData.swift in Sources */ = {isa = PBXBuildFile; fileRef = 649B025F2AAA803F0039CCB5 /* CurrentWeatherEntity+TestData.swift */; };
		649B02622AAA80810039CCB5 /* CoordinateEntity+TestData.swift in Sources */ = {isa = PBXBuildFile; fileRef = 649B02612AAA80810039CCB5 /* CoordinateEntity+TestData.swift */; };
		649B02642AAA80B20039CCB5 /* MainWeatherEntity+TestData.swift in Sources */ = {isa = PBXBuildFile; fileRef = 649B02632AAA80B20039CCB5 /* MainWeatherEntity+TestData.swift */; };
		649B02662AAA811F0039CCB5 /* WindInformationEntity+TestData.swift in Sources */ = {isa = PBXBuildFile; fileRef = 649B02652AAA811F0039CCB5 /* WindInformationEntity+TestData.swift */; };
		649B02682AAA81650039CCB5 /* CloudCoverageEntity+TestData.swift in Sources */ = {isa = PBXBuildFile; fileRef = 649B02672AAA81650039CCB5 /* CloudCoverageEntity+TestData.swift */; };
		649B026A2AAA81990039CCB5 /* SystemInformationEntity+TestData.swift in Sources */ = {isa = PBXBuildFile; fileRef = 649B02692AAA81990039CCB5 /* SystemInformationEntity+TestData.swift */; };
		649B026C2AAA85EF0039CCB5 /* LocationEntity+TestData.swift in Sources */ = {isa = PBXBuildFile; fileRef = 649B026B2AAA85EF0039CCB5 /* LocationEntity+TestData.swift */; };
		649B026F2AAA88C20039CCB5 /* WeatherRepositoryTests.swift in Sources */ = {isa = PBXBuildFile; fileRef = 649B026E2AAA88C20039CCB5 /* WeatherRepositoryTests.swift */; };
		649B02712AAA89450039CCB5 /* CurrentWeather+TestData.swift in Sources */ = {isa = PBXBuildFile; fileRef = 649B02702AAA89450039CCB5 /* CurrentWeather+TestData.swift */; };
		649B02732AAA8B850039CCB5 /* GetCurrentWeatherUseCaseTests.swift in Sources */ = {isa = PBXBuildFile; fileRef = 649B02722AAA8B850039CCB5 /* GetCurrentWeatherUseCaseTests.swift */; };
		649B02752AAA8CBF0039CCB5 /* GetLocationsUseCaseTests.swift in Sources */ = {isa = PBXBuildFile; fileRef = 649B02742AAA8CBF0039CCB5 /* GetLocationsUseCaseTests.swift */; };
		649B02772AAA90610039CCB5 /* CurrentWeatherViewModelTests.swift in Sources */ = {isa = PBXBuildFile; fileRef = 649B02762AAA90610039CCB5 /* CurrentWeatherViewModelTests.swift */; };
		649B02852AAA9D5D0039CCB5 /* CurrentWeatherSnapshotTests.swift in Sources */ = {isa = PBXBuildFile; fileRef = 649B022F2AA91D060039CCB5 /* CurrentWeatherSnapshotTests.swift */; };
		649B02872AAA9D620039CCB5 /* FlipCardSnapshotTests.swift in Sources */ = {isa = PBXBuildFile; fileRef = 649B02592AAA731A0039CCB5 /* FlipCardSnapshotTests.swift */; };
		649B02882AAA9D620039CCB5 /* LocationSearchViewSnapshotTests.swift in Sources */ = {isa = PBXBuildFile; fileRef = 649B02512AAA6ED30039CCB5 /* LocationSearchViewSnapshotTests.swift */; };
		649B02892AAA9D680039CCB5 /* WeatherTestCase.swift in Sources */ = {isa = PBXBuildFile; fileRef = 649B02332AA91D300039CCB5 /* WeatherTestCase.swift */; };
		649B028A2AAA9D680039CCB5 /* MockContainer.swift in Sources */ = {isa = PBXBuildFile; fileRef = 649B02312AA91D110039CCB5 /* MockContainer.swift */; };
		649B02942AAA9E480039CCB5 /* SnapshotTesting in Frameworks */ = {isa = PBXBuildFile; productRef = 649B02932AAA9E480039CCB5 /* SnapshotTesting */; };
		649B02962AAA9E930039CCB5 /* WeatherSnapshotTestCase.swift in Sources */ = {isa = PBXBuildFile; fileRef = 649B02952AAA9E930039CCB5 /* WeatherSnapshotTestCase.swift */; };
/* End PBXBuildFile section */

/* Begin PBXContainerItemProxy section */
		6481097A2AA7D4F1006A751C /* PBXContainerItemProxy */ = {
			isa = PBXContainerItemProxy;
			containerPortal = 648109612AA7D4EF006A751C /* Project object */;
			proxyType = 1;
			remoteGlobalIDString = 648109682AA7D4EF006A751C;
			remoteInfo = WeatherApp;
		};
		649B02802AAA9D490039CCB5 /* PBXContainerItemProxy */ = {
			isa = PBXContainerItemProxy;
			containerPortal = 648109612AA7D4EF006A751C /* Project object */;
			proxyType = 1;
			remoteGlobalIDString = 648109682AA7D4EF006A751C;
			remoteInfo = WeatherApp;
		};
/* End PBXContainerItemProxy section */

/* Begin PBXFileReference section */
		648109692AA7D4EF006A751C /* WeatherApp.app */ = {isa = PBXFileReference; explicitFileType = wrapper.application; includeInIndex = 0; path = WeatherApp.app; sourceTree = BUILT_PRODUCTS_DIR; };
		6481096C2AA7D4EF006A751C /* WeatherApp.swift */ = {isa = PBXFileReference; lastKnownFileType = sourcecode.swift; path = WeatherApp.swift; sourceTree = "<group>"; };
		6481096E2AA7D4EF006A751C /* CurrentWeatherView.swift */ = {isa = PBXFileReference; lastKnownFileType = sourcecode.swift; path = CurrentWeatherView.swift; sourceTree = "<group>"; };
		648109702AA7D4F0006A751C /* Assets.xcassets */ = {isa = PBXFileReference; lastKnownFileType = folder.assetcatalog; path = Assets.xcassets; sourceTree = "<group>"; };
		648109732AA7D4F0006A751C /* Preview Assets.xcassets */ = {isa = PBXFileReference; lastKnownFileType = folder.assetcatalog; path = "Preview Assets.xcassets"; sourceTree = "<group>"; };
		648109792AA7D4F1006A751C /* UnitTests.xctest */ = {isa = PBXFileReference; explicitFileType = wrapper.cfbundle; includeInIndex = 0; path = UnitTests.xctest; sourceTree = BUILT_PRODUCTS_DIR; };
		649B01EA2AA7DA0B0039CCB5 /* CurrentWeatherEntity.swift */ = {isa = PBXFileReference; lastKnownFileType = sourcecode.swift; path = CurrentWeatherEntity.swift; sourceTree = "<group>"; };
		649B01ED2AA7DAB00039CCB5 /* CurrentWeather.swift */ = {isa = PBXFileReference; lastKnownFileType = sourcecode.swift; path = CurrentWeather.swift; sourceTree = "<group>"; };
		649B01EF2AA7DB4D0039CCB5 /* WeatherDataSource.swift */ = {isa = PBXFileReference; lastKnownFileType = sourcecode.swift; path = WeatherDataSource.swift; sourceTree = "<group>"; };
		649B01F22AA7DBAB0039CCB5 /* Coordinate.swift */ = {isa = PBXFileReference; lastKnownFileType = sourcecode.swift; path = Coordinate.swift; sourceTree = "<group>"; };
		649B01F42AA7DBD60039CCB5 /* Units.swift */ = {isa = PBXFileReference; lastKnownFileType = sourcecode.swift; path = Units.swift; sourceTree = "<group>"; };
		649B01F62AA7DC340039CCB5 /* WeatherAPIImpl.swift */ = {isa = PBXFileReference; lastKnownFileType = sourcecode.swift; path = WeatherAPIImpl.swift; sourceTree = "<group>"; };
		649B01FB2AA7DCE20039CCB5 /* GlobalConstants.swift */ = {isa = PBXFileReference; lastKnownFileType = sourcecode.swift; path = GlobalConstants.swift; sourceTree = "<group>"; };
		649B01FF2AA7DECB0039CCB5 /* Endpoint.swift */ = {isa = PBXFileReference; lastKnownFileType = sourcecode.swift; path = Endpoint.swift; sourceTree = "<group>"; };
		649B02012AA7DF5A0039CCB5 /* RequestMethod.swift */ = {isa = PBXFileReference; lastKnownFileType = sourcecode.swift; path = RequestMethod.swift; sourceTree = "<group>"; };
		649B02032AA7DF7B0039CCB5 /* RequestError.swift */ = {isa = PBXFileReference; lastKnownFileType = sourcecode.swift; path = RequestError.swift; sourceTree = "<group>"; };
		649B02052AA7DFA80039CCB5 /* HTTPClient.swift */ = {isa = PBXFileReference; lastKnownFileType = sourcecode.swift; path = HTTPClient.swift; sourceTree = "<group>"; };
		649B02072AA7E05E0039CCB5 /* WeatherEndpoints.swift */ = {isa = PBXFileReference; lastKnownFileType = sourcecode.swift; path = WeatherEndpoints.swift; sourceTree = "<group>"; };
		649B02092AA7E6D00039CCB5 /* WeatherRepository.swift */ = {isa = PBXFileReference; lastKnownFileType = sourcecode.swift; path = WeatherRepository.swift; sourceTree = "<group>"; };
		649B020B2AA7E7190039CCB5 /* WeatherRepositoryImpl.swift */ = {isa = PBXFileReference; lastKnownFileType = sourcecode.swift; path = WeatherRepositoryImpl.swift; sourceTree = "<group>"; };
		649B020D2AA7E7330039CCB5 /* CoreContainer.swift */ = {isa = PBXFileReference; lastKnownFileType = sourcecode.swift; path = CoreContainer.swift; sourceTree = "<group>"; };
		649B02102AA7E79F0039CCB5 /* CoreContainer+DataSources.swift */ = {isa = PBXFileReference; lastKnownFileType = sourcecode.swift; path = "CoreContainer+DataSources.swift"; sourceTree = "<group>"; };
		649B02122AA7E7AC0039CCB5 /* CoreContainer+Repositories.swift */ = {isa = PBXFileReference; lastKnownFileType = sourcecode.swift; path = "CoreContainer+Repositories.swift"; sourceTree = "<group>"; };
		649B02142AA7E7B70039CCB5 /* CoreContainer+UseCases.swift */ = {isa = PBXFileReference; lastKnownFileType = sourcecode.swift; path = "CoreContainer+UseCases.swift"; sourceTree = "<group>"; };
		649B02162AA7E8AD0039CCB5 /* GetCurrentWeatherUseCase.swift */ = {isa = PBXFileReference; lastKnownFileType = sourcecode.swift; path = GetCurrentWeatherUseCase.swift; sourceTree = "<group>"; };
		649B02182AA7EA750039CCB5 /* CurrentWeatherViewModel.swift */ = {isa = PBXFileReference; lastKnownFileType = sourcecode.swift; path = CurrentWeatherViewModel.swift; sourceTree = "<group>"; };
		649B021A2AA7F58C0039CCB5 /* NetworkDataLoader.swift */ = {isa = PBXFileReference; lastKnownFileType = sourcecode.swift; path = NetworkDataLoader.swift; sourceTree = "<group>"; };
		649B021C2AA8665F0039CCB5 /* WeatherBackgroundView.swift */ = {isa = PBXFileReference; lastKnownFileType = sourcecode.swift; path = WeatherBackgroundView.swift; sourceTree = "<group>"; };
		649B021E2AA8793A0039CCB5 /* Color+Hex.swift */ = {isa = PBXFileReference; lastKnownFileType = sourcecode.swift; path = "Color+Hex.swift"; sourceTree = "<group>"; };
		649B02202AA87C7E0039CCB5 /* DegreeView.swift */ = {isa = PBXFileReference; lastKnownFileType = sourcecode.swift; path = DegreeView.swift; sourceTree = "<group>"; };
		649B02232AA917330039CCB5 /* SkyBackgroundView.swift */ = {isa = PBXFileReference; lastKnownFileType = sourcecode.swift; path = SkyBackgroundView.swift; sourceTree = "<group>"; };
		649B02252AA917BE0039CCB5 /* CloudsView.swift */ = {isa = PBXFileReference; lastKnownFileType = sourcecode.swift; path = CloudsView.swift; sourceTree = "<group>"; };
		649B02272AA9185A0039CCB5 /* SunView.swift */ = {isa = PBXFileReference; lastKnownFileType = sourcecode.swift; path = SunView.swift; sourceTree = "<group>"; };
		649B022A2AA91B8E0039CCB5 /* Mocks.Generated.swift */ = {isa = PBXFileReference; fileEncoding = 4; lastKnownFileType = sourcecode.swift; path = Mocks.Generated.swift; sourceTree = "<group>"; };
		649B022F2AA91D060039CCB5 /* CurrentWeatherSnapshotTests.swift */ = {isa = PBXFileReference; lastKnownFileType = sourcecode.swift; path = CurrentWeatherSnapshotTests.swift; sourceTree = "<group>"; };
		649B02312AA91D110039CCB5 /* MockContainer.swift */ = {isa = PBXFileReference; lastKnownFileType = sourcecode.swift; path = MockContainer.swift; sourceTree = "<group>"; };
		649B02332AA91D300039CCB5 /* WeatherTestCase.swift */ = {isa = PBXFileReference; lastKnownFileType = sourcecode.swift; path = WeatherTestCase.swift; sourceTree = "<group>"; };
		649B02352AA920770039CCB5 /* LocationManager.swift */ = {isa = PBXFileReference; lastKnownFileType = sourcecode.swift; path = LocationManager.swift; sourceTree = "<group>"; };
		649B023F2AA9325F0039CCB5 /* CurrentWeatherViewModel+TestData.swift */ = {isa = PBXFileReference; lastKnownFileType = sourcecode.swift; path = "CurrentWeatherViewModel+TestData.swift"; sourceTree = "<group>"; };
		649B02422AAA26EF0039CCB5 /* LocationSearchView.swift */ = {isa = PBXFileReference; lastKnownFileType = sourcecode.swift; path = LocationSearchView.swift; sourceTree = "<group>"; };
		649B02442AAA27AA0039CCB5 /* FlipCardView.swift */ = {isa = PBXFileReference; lastKnownFileType = sourcecode.swift; path = FlipCardView.swift; sourceTree = "<group>"; };
		649B02462AAA2C6E0039CCB5 /* LocationEntity.swift */ = {isa = PBXFileReference; lastKnownFileType = sourcecode.swift; path = LocationEntity.swift; sourceTree = "<group>"; };
		649B02482AAA2D070039CCB5 /* Location.swift */ = {isa = PBXFileReference; lastKnownFileType = sourcecode.swift; path = Location.swift; sourceTree = "<group>"; };
		649B024A2AAA2E2B0039CCB5 /* GetLocationsUseCase.swift */ = {isa = PBXFileReference; lastKnownFileType = sourcecode.swift; path = GetLocationsUseCase.swift; sourceTree = "<group>"; };
		649B024C2AAA2E800039CCB5 /* LocationSearchViewModel.swift */ = {isa = PBXFileReference; lastKnownFileType = sourcecode.swift; path = LocationSearchViewModel.swift; sourceTree = "<group>"; };
		649B024E2AAA6B180039CCB5 /* ErrorView.swift */ = {isa = PBXFileReference; lastKnownFileType = sourcecode.swift; path = ErrorView.swift; sourceTree = "<group>"; };
		649B02512AAA6ED30039CCB5 /* LocationSearchViewSnapshotTests.swift */ = {isa = PBXFileReference; lastKnownFileType = sourcecode.swift; path = LocationSearchViewSnapshotTests.swift; sourceTree = "<group>"; };
		649B02552AAA6FD60039CCB5 /* LocationSearchViewModel+TestData.swift */ = {isa = PBXFileReference; lastKnownFileType = sourcecode.swift; path = "LocationSearchViewModel+TestData.swift"; sourceTree = "<group>"; };
		649B02572AAA706C0039CCB5 /* Location+TestData.swift */ = {isa = PBXFileReference; lastKnownFileType = sourcecode.swift; path = "Location+TestData.swift"; sourceTree = "<group>"; };
		649B02592AAA731A0039CCB5 /* FlipCardSnapshotTests.swift */ = {isa = PBXFileReference; lastKnownFileType = sourcecode.swift; path = FlipCardSnapshotTests.swift; sourceTree = "<group>"; };
		649B025C2AAA7B220039CCB5 /* WeatherAPITests.swift */ = {isa = PBXFileReference; lastKnownFileType = sourcecode.swift; path = WeatherAPITests.swift; sourceTree = "<group>"; };
		649B025F2AAA803F0039CCB5 /* CurrentWeatherEntity+TestData.swift */ = {isa = PBXFileReference; lastKnownFileType = sourcecode.swift; path = "CurrentWeatherEntity+TestData.swift"; sourceTree = "<group>"; };
		649B02612AAA80810039CCB5 /* CoordinateEntity+TestData.swift */ = {isa = PBXFileReference; lastKnownFileType = sourcecode.swift; path = "CoordinateEntity+TestData.swift"; sourceTree = "<group>"; };
		649B02632AAA80B20039CCB5 /* MainWeatherEntity+TestData.swift */ = {isa = PBXFileReference; lastKnownFileType = sourcecode.swift; path = "MainWeatherEntity+TestData.swift"; sourceTree = "<group>"; };
		649B02652AAA811F0039CCB5 /* WindInformationEntity+TestData.swift */ = {isa = PBXFileReference; lastKnownFileType = sourcecode.swift; path = "WindInformationEntity+TestData.swift"; sourceTree = "<group>"; };
		649B02672AAA81650039CCB5 /* CloudCoverageEntity+TestData.swift */ = {isa = PBXFileReference; lastKnownFileType = sourcecode.swift; path = "CloudCoverageEntity+TestData.swift"; sourceTree = "<group>"; };
		649B02692AAA81990039CCB5 /* SystemInformationEntity+TestData.swift */ = {isa = PBXFileReference; lastKnownFileType = sourcecode.swift; path = "SystemInformationEntity+TestData.swift"; sourceTree = "<group>"; };
		649B026B2AAA85EF0039CCB5 /* LocationEntity+TestData.swift */ = {isa = PBXFileReference; lastKnownFileType = sourcecode.swift; path = "LocationEntity+TestData.swift"; sourceTree = "<group>"; };
		649B026D2AAA881A0039CCB5 /* WeatherApp.xctestplan */ = {isa = PBXFileReference; lastKnownFileType = text; path = WeatherApp.xctestplan; sourceTree = "<group>"; };
		649B026E2AAA88C20039CCB5 /* WeatherRepositoryTests.swift */ = {isa = PBXFileReference; lastKnownFileType = sourcecode.swift; path = WeatherRepositoryTests.swift; sourceTree = "<group>"; };
		649B02702AAA89450039CCB5 /* CurrentWeather+TestData.swift */ = {isa = PBXFileReference; lastKnownFileType = sourcecode.swift; path = "CurrentWeather+TestData.swift"; sourceTree = "<group>"; };
		649B02722AAA8B850039CCB5 /* GetCurrentWeatherUseCaseTests.swift */ = {isa = PBXFileReference; lastKnownFileType = sourcecode.swift; path = GetCurrentWeatherUseCaseTests.swift; sourceTree = "<group>"; };
		649B02742AAA8CBF0039CCB5 /* GetLocationsUseCaseTests.swift */ = {isa = PBXFileReference; lastKnownFileType = sourcecode.swift; path = GetLocationsUseCaseTests.swift; sourceTree = "<group>"; };
		649B02762AAA90610039CCB5 /* CurrentWeatherViewModelTests.swift */ = {isa = PBXFileReference; lastKnownFileType = sourcecode.swift; path = CurrentWeatherViewModelTests.swift; sourceTree = "<group>"; };
		649B027C2AAA9D490039CCB5 /* SnapshotTests.xctest */ = {isa = PBXFileReference; explicitFileType = wrapper.cfbundle; includeInIndex = 0; path = SnapshotTests.xctest; sourceTree = BUILT_PRODUCTS_DIR; };
		649B02952AAA9E930039CCB5 /* WeatherSnapshotTestCase.swift */ = {isa = PBXFileReference; lastKnownFileType = sourcecode.swift; path = WeatherSnapshotTestCase.swift; sourceTree = "<group>"; };
/* End PBXFileReference section */

/* Begin PBXFrameworksBuildPhase section */
		648109662AA7D4EF006A751C /* Frameworks */ = {
			isa = PBXFrameworksBuildPhase;
			buildActionMask = 2147483647;
			files = (
				649B01FA2AA7DC570039CCB5 /* Factory in Frameworks */,
			);
			runOnlyForDeploymentPostprocessing = 0;
		};
		648109762AA7D4F1006A751C /* Frameworks */ = {
			isa = PBXFrameworksBuildPhase;
			buildActionMask = 2147483647;
			files = (
			);
			runOnlyForDeploymentPostprocessing = 0;
		};
		649B02792AAA9D490039CCB5 /* Frameworks */ = {
			isa = PBXFrameworksBuildPhase;
			buildActionMask = 2147483647;
			files = (
				649B02942AAA9E480039CCB5 /* SnapshotTesting in Frameworks */,
			);
			runOnlyForDeploymentPostprocessing = 0;
		};
/* End PBXFrameworksBuildPhase section */

/* Begin PBXGroup section */
		648109602AA7D4EF006A751C = {
			isa = PBXGroup;
			children = (
				649B026D2AAA881A0039CCB5 /* WeatherApp.xctestplan */,
				6481096B2AA7D4EF006A751C /* WeatherApp */,
				649B028B2AAA9DA60039CCB5 /* Tests */,
				6481096A2AA7D4EF006A751C /* Products */,
				649B02392AA924A20039CCB5 /* Frameworks */,
			);
			sourceTree = "<group>";
		};
		6481096A2AA7D4EF006A751C /* Products */ = {
			isa = PBXGroup;
			children = (
				648109692AA7D4EF006A751C /* WeatherApp.app */,
				648109792AA7D4F1006A751C /* UnitTests.xctest */,
				649B027C2AAA9D490039CCB5 /* SnapshotTests.xctest */,
			);
			name = Products;
			sourceTree = "<group>";
		};
		6481096B2AA7D4EF006A751C /* WeatherApp */ = {
			isa = PBXGroup;
			children = (
				649B02292AA91B5F0039CCB5 /* Generated */,
				649B01F12AA7DB9F0039CCB5 /* Core */,
				649B01E12AA7D8090039CCB5 /* Presentation */,
				649B01E02AA7D8040039CCB5 /* Data */,
				649B01DF2AA7D7FD0039CCB5 /* Domain */,
				648109702AA7D4F0006A751C /* Assets.xcassets */,
				648109722AA7D4F0006A751C /* Preview Content */,
			);
			path = WeatherApp;
			sourceTree = "<group>";
		};
		648109722AA7D4F0006A751C /* Preview Content */ = {
			isa = PBXGroup;
			children = (
				648109732AA7D4F0006A751C /* Preview Assets.xcassets */,
			);
			path = "Preview Content";
			sourceTree = "<group>";
		};
		6481097C2AA7D4F1006A751C /* UnitTests */ = {
			isa = PBXGroup;
			children = (
				649B025C2AAA7B220039CCB5 /* WeatherAPITests.swift */,
				649B026E2AAA88C20039CCB5 /* WeatherRepositoryTests.swift */,
				649B02722AAA8B850039CCB5 /* GetCurrentWeatherUseCaseTests.swift */,
				649B02742AAA8CBF0039CCB5 /* GetLocationsUseCaseTests.swift */,
				649B02762AAA90610039CCB5 /* CurrentWeatherViewModelTests.swift */,
			);
			path = UnitTests;
			sourceTree = "<group>";
		};
		649B01DF2AA7D7FD0039CCB5 /* Domain */ = {
			isa = PBXGroup;
			children = (
				649B01EC2AA7DAA60039CCB5 /* Model */,
				649B01E32AA7D81C0039CCB5 /* Repository */,
				649B01E22AA7D8160039CCB5 /* UseCase */,
			);
			path = Domain;
			sourceTree = "<group>";
		};
		649B01E02AA7D8040039CCB5 /* Data */ = {
			isa = PBXGroup;
			children = (
				649B01FD2AA7DE8A0039CCB5 /* Network */,
				649B01E72AA7D8710039CCB5 /* DataSource */,
				649B01E62AA7D8630039CCB5 /* Repository */,
			);
			path = Data;
			sourceTree = "<group>";
		};
		649B01E12AA7D8090039CCB5 /* Presentation */ = {
			isa = PBXGroup;
			children = (
				6481096C2AA7D4EF006A751C /* WeatherApp.swift */,
				649B01E52AA7D8570039CCB5 /* LocationSearch */,
				649B01E42AA7D8510039CCB5 /* CurrentWeather */,
				649B02442AAA27AA0039CCB5 /* FlipCardView.swift */,
			);
			path = Presentation;
			sourceTree = "<group>";
		};
		649B01E22AA7D8160039CCB5 /* UseCase */ = {
			isa = PBXGroup;
			children = (
				649B02162AA7E8AD0039CCB5 /* GetCurrentWeatherUseCase.swift */,
				649B024A2AAA2E2B0039CCB5 /* GetLocationsUseCase.swift */,
			);
			path = UseCase;
			sourceTree = "<group>";
		};
		649B01E32AA7D81C0039CCB5 /* Repository */ = {
			isa = PBXGroup;
			children = (
				649B02092AA7E6D00039CCB5 /* WeatherRepository.swift */,
			);
			path = Repository;
			sourceTree = "<group>";
		};
		649B01E42AA7D8510039CCB5 /* CurrentWeather */ = {
			isa = PBXGroup;
			children = (
				649B02222AA912440039CCB5 /* WeatherBackground */,
				6481096E2AA7D4EF006A751C /* CurrentWeatherView.swift */,
				649B02182AA7EA750039CCB5 /* CurrentWeatherViewModel.swift */,
				649B02202AA87C7E0039CCB5 /* DegreeView.swift */,
			);
			path = CurrentWeather;
			sourceTree = "<group>";
		};
		649B01E52AA7D8570039CCB5 /* LocationSearch */ = {
			isa = PBXGroup;
			children = (
				649B02422AAA26EF0039CCB5 /* LocationSearchView.swift */,
				649B024C2AAA2E800039CCB5 /* LocationSearchViewModel.swift */,
			);
			path = LocationSearch;
			sourceTree = "<group>";
		};
		649B01E62AA7D8630039CCB5 /* Repository */ = {
			isa = PBXGroup;
			children = (
				649B020B2AA7E7190039CCB5 /* WeatherRepositoryImpl.swift */,
			);
			path = Repository;
			sourceTree = "<group>";
		};
		649B01E72AA7D8710039CCB5 /* DataSource */ = {
			isa = PBXGroup;
			children = (
				649B01E82AA7D8790039CCB5 /* API */,
				649B01EF2AA7DB4D0039CCB5 /* WeatherDataSource.swift */,
			);
			path = DataSource;
			sourceTree = "<group>";
		};
		649B01E82AA7D8790039CCB5 /* API */ = {
			isa = PBXGroup;
			children = (
				649B01FE2AA7DEAF0039CCB5 /* Endpoints */,
				649B01E92AA7D8810039CCB5 /* Entity */,
				649B01F62AA7DC340039CCB5 /* WeatherAPIImpl.swift */,
			);
			path = API;
			sourceTree = "<group>";
		};
		649B01E92AA7D8810039CCB5 /* Entity */ = {
			isa = PBXGroup;
			children = (
				649B025E2AAA80330039CCB5 /* TestData */,
				649B01EA2AA7DA0B0039CCB5 /* CurrentWeatherEntity.swift */,
				649B02462AAA2C6E0039CCB5 /* LocationEntity.swift */,
			);
			path = Entity;
			sourceTree = "<group>";
		};
		649B01EC2AA7DAA60039CCB5 /* Model */ = {
			isa = PBXGroup;
			children = (
				649B01ED2AA7DAB00039CCB5 /* CurrentWeather.swift */,
				649B02482AAA2D070039CCB5 /* Location.swift */,
			);
			path = Model;
			sourceTree = "<group>";
		};
		649B01F12AA7DB9F0039CCB5 /* Core */ = {
			isa = PBXGroup;
			children = (
				649B023E2AA932480039CCB5 /* TestData */,
				649B020F2AA7E7730039CCB5 /* Container */,
				649B01F22AA7DBAB0039CCB5 /* Coordinate.swift */,
				649B01F42AA7DBD60039CCB5 /* Units.swift */,
				649B01FB2AA7DCE20039CCB5 /* GlobalConstants.swift */,
				649B021A2AA7F58C0039CCB5 /* NetworkDataLoader.swift */,
				649B021E2AA8793A0039CCB5 /* Color+Hex.swift */,
				649B02352AA920770039CCB5 /* LocationManager.swift */,
			);
			path = Core;
			sourceTree = "<group>";
		};
		649B01FD2AA7DE8A0039CCB5 /* Network */ = {
			isa = PBXGroup;
			children = (
				649B01FF2AA7DECB0039CCB5 /* Endpoint.swift */,
				649B02012AA7DF5A0039CCB5 /* RequestMethod.swift */,
				649B02032AA7DF7B0039CCB5 /* RequestError.swift */,
				649B02052AA7DFA80039CCB5 /* HTTPClient.swift */,
			);
			path = Network;
			sourceTree = "<group>";
		};
		649B01FE2AA7DEAF0039CCB5 /* Endpoints */ = {
			isa = PBXGroup;
			children = (
				649B02072AA7E05E0039CCB5 /* WeatherEndpoints.swift */,
			);
			path = Endpoints;
			sourceTree = "<group>";
		};
		649B020F2AA7E7730039CCB5 /* Container */ = {
			isa = PBXGroup;
			children = (
				649B020D2AA7E7330039CCB5 /* CoreContainer.swift */,
				649B02102AA7E79F0039CCB5 /* CoreContainer+DataSources.swift */,
				649B02122AA7E7AC0039CCB5 /* CoreContainer+Repositories.swift */,
				649B02142AA7E7B70039CCB5 /* CoreContainer+UseCases.swift */,
			);
			path = Container;
			sourceTree = "<group>";
		};
		649B02222AA912440039CCB5 /* WeatherBackground */ = {
			isa = PBXGroup;
			children = (
				649B024E2AAA6B180039CCB5 /* ErrorView.swift */,
				649B021C2AA8665F0039CCB5 /* WeatherBackgroundView.swift */,
				649B02232AA917330039CCB5 /* SkyBackgroundView.swift */,
				649B02252AA917BE0039CCB5 /* CloudsView.swift */,
				649B02272AA9185A0039CCB5 /* SunView.swift */,
			);
			path = WeatherBackground;
			sourceTree = "<group>";
		};
		649B02292AA91B5F0039CCB5 /* Generated */ = {
			isa = PBXGroup;
			children = (
				649B022A2AA91B8E0039CCB5 /* Mocks.Generated.swift */,
			);
			path = Generated;
			sourceTree = "<group>";
		};
		649B02392AA924A20039CCB5 /* Frameworks */ = {
			isa = PBXGroup;
			children = (
			);
			name = Frameworks;
			sourceTree = "<group>";
		};
		649B023E2AA932480039CCB5 /* TestData */ = {
			isa = PBXGroup;
			children = (
				649B023F2AA9325F0039CCB5 /* CurrentWeatherViewModel+TestData.swift */,
				649B02552AAA6FD60039CCB5 /* LocationSearchViewModel+TestData.swift */,
				649B02572AAA706C0039CCB5 /* Location+TestData.swift */,
				649B02702AAA89450039CCB5 /* CurrentWeather+TestData.swift */,
			);
			path = TestData;
			sourceTree = "<group>";
		};
		649B025E2AAA80330039CCB5 /* TestData */ = {
			isa = PBXGroup;
			children = (
				649B025F2AAA803F0039CCB5 /* CurrentWeatherEntity+TestData.swift */,
				649B02612AAA80810039CCB5 /* CoordinateEntity+TestData.swift */,
				649B02632AAA80B20039CCB5 /* MainWeatherEntity+TestData.swift */,
				649B02652AAA811F0039CCB5 /* WindInformationEntity+TestData.swift */,
				649B02672AAA81650039CCB5 /* CloudCoverageEntity+TestData.swift */,
				649B02692AAA81990039CCB5 /* SystemInformationEntity+TestData.swift */,
				649B026B2AAA85EF0039CCB5 /* LocationEntity+TestData.swift */,
			);
			path = TestData;
			sourceTree = "<group>";
		};
		649B027D2AAA9D490039CCB5 /* SnapshotTests */ = {
			isa = PBXGroup;
			children = (
				649B022F2AA91D060039CCB5 /* CurrentWeatherSnapshotTests.swift */,
				649B02512AAA6ED30039CCB5 /* LocationSearchViewSnapshotTests.swift */,
				649B02592AAA731A0039CCB5 /* FlipCardSnapshotTests.swift */,
				649B02952AAA9E930039CCB5 /* WeatherSnapshotTestCase.swift */,
			);
			path = SnapshotTests;
			sourceTree = "<group>";
		};
		649B028B2AAA9DA60039CCB5 /* Tests */ = {
			isa = PBXGroup;
			children = (
				649B02312AA91D110039CCB5 /* MockContainer.swift */,
				649B02332AA91D300039CCB5 /* WeatherTestCase.swift */,
				649B027D2AAA9D490039CCB5 /* SnapshotTests */,
				6481097C2AA7D4F1006A751C /* UnitTests */,
			);
			path = Tests;
			sourceTree = "<group>";
		};
/* End PBXGroup section */

/* Begin PBXNativeTarget section */
		648109682AA7D4EF006A751C /* WeatherApp */ = {
			isa = PBXNativeTarget;
			buildConfigurationList = 6481098D2AA7D4F1006A751C /* Build configuration list for PBXNativeTarget "WeatherApp" */;
			buildPhases = (
				648109652AA7D4EF006A751C /* Sources */,
				648109662AA7D4EF006A751C /* Frameworks */,
				648109672AA7D4EF006A751C /* Resources */,
			);
			buildRules = (
			);
			dependencies = (
			);
			name = WeatherApp;
			packageProductDependencies = (
				649B01F92AA7DC570039CCB5 /* Factory */,
			);
			productName = WeatherApp;
			productReference = 648109692AA7D4EF006A751C /* WeatherApp.app */;
			productType = "com.apple.product-type.application";
		};
		648109782AA7D4F1006A751C /* UnitTests */ = {
			isa = PBXNativeTarget;
			buildConfigurationList = 648109902AA7D4F1006A751C /* Build configuration list for PBXNativeTarget "UnitTests" */;
			buildPhases = (
				648109752AA7D4F1006A751C /* Sources */,
				648109762AA7D4F1006A751C /* Frameworks */,
				648109772AA7D4F1006A751C /* Resources */,
			);
			buildRules = (
			);
			dependencies = (
				6481097B2AA7D4F1006A751C /* PBXTargetDependency */,
			);
			name = UnitTests;
			packageProductDependencies = (
			);
			productName = WeatherAppTests;
			productReference = 648109792AA7D4F1006A751C /* UnitTests.xctest */;
			productType = "com.apple.product-type.bundle.unit-test";
		};
		649B027B2AAA9D490039CCB5 /* SnapshotTests */ = {
			isa = PBXNativeTarget;
			buildConfigurationList = 649B02822AAA9D490039CCB5 /* Build configuration list for PBXNativeTarget "SnapshotTests" */;
			buildPhases = (
				649B02782AAA9D490039CCB5 /* Sources */,
				649B02792AAA9D490039CCB5 /* Frameworks */,
				649B027A2AAA9D490039CCB5 /* Resources */,
			);
			buildRules = (
			);
			dependencies = (
				649B02922AAA9E260039CCB5 /* PBXTargetDependency */,
				649B02812AAA9D490039CCB5 /* PBXTargetDependency */,
			);
			name = SnapshotTests;
			packageProductDependencies = (
				649B02932AAA9E480039CCB5 /* SnapshotTesting */,
			);
			productName = SnapshotTests;
			productReference = 649B027C2AAA9D490039CCB5 /* SnapshotTests.xctest */;
			productType = "com.apple.product-type.bundle.unit-test";
		};
/* End PBXNativeTarget section */

/* Begin PBXProject section */
		648109612AA7D4EF006A751C /* Project object */ = {
			isa = PBXProject;
			attributes = {
				BuildIndependentTargetsInParallel = 1;
				LastSwiftUpdateCheck = 1430;
				LastUpgradeCheck = 1430;
				TargetAttributes = {
					648109682AA7D4EF006A751C = {
						CreatedOnToolsVersion = 14.3.1;
					};
					648109782AA7D4F1006A751C = {
						CreatedOnToolsVersion = 14.3.1;
						TestTargetID = 648109682AA7D4EF006A751C;
					};
					649B027B2AAA9D490039CCB5 = {
						CreatedOnToolsVersion = 14.3.1;
						TestTargetID = 648109682AA7D4EF006A751C;
					};
				};
			};
			buildConfigurationList = 648109642AA7D4EF006A751C /* Build configuration list for PBXProject "WeatherApp" */;
			compatibilityVersion = "Xcode 14.0";
			developmentRegion = en;
			hasScannedForEncodings = 0;
			knownRegions = (
				en,
				Base,
			);
			mainGroup = 648109602AA7D4EF006A751C;
			packageReferences = (
				649B01F82AA7DC570039CCB5 /* XCRemoteSwiftPackageReference "Factory" */,
				649B022C2AA91CF10039CCB5 /* XCRemoteSwiftPackageReference "swift-snapshot-testing" */,
			);
			productRefGroup = 6481096A2AA7D4EF006A751C /* Products */;
			projectDirPath = "";
			projectRoot = "";
			targets = (
				648109682AA7D4EF006A751C /* WeatherApp */,
				648109782AA7D4F1006A751C /* UnitTests */,
				649B027B2AAA9D490039CCB5 /* SnapshotTests */,
			);
		};
/* End PBXProject section */

/* Begin PBXResourcesBuildPhase section */
		648109672AA7D4EF006A751C /* Resources */ = {
			isa = PBXResourcesBuildPhase;
			buildActionMask = 2147483647;
			files = (
				648109742AA7D4F0006A751C /* Preview Assets.xcassets in Resources */,
				648109712AA7D4F0006A751C /* Assets.xcassets in Resources */,
			);
			runOnlyForDeploymentPostprocessing = 0;
		};
		648109772AA7D4F1006A751C /* Resources */ = {
			isa = PBXResourcesBuildPhase;
			buildActionMask = 2147483647;
			files = (
			);
			runOnlyForDeploymentPostprocessing = 0;
		};
		649B027A2AAA9D490039CCB5 /* Resources */ = {
			isa = PBXResourcesBuildPhase;
			buildActionMask = 2147483647;
			files = (
			);
			runOnlyForDeploymentPostprocessing = 0;
		};
/* End PBXResourcesBuildPhase section */

/* Begin PBXSourcesBuildPhase section */
		648109652AA7D4EF006A751C /* Sources */ = {
			isa = PBXSourcesBuildPhase;
			buildActionMask = 2147483647;
			files = (
				649B02582AAA706C0039CCB5 /* Location+TestData.swift in Sources */,
				6481096F2AA7D4EF006A751C /* CurrentWeatherView.swift in Sources */,
				649B01FC2AA7DCE20039CCB5 /* GlobalConstants.swift in Sources */,
				649B021D2AA8665F0039CCB5 /* WeatherBackgroundView.swift in Sources */,
				649B021B2AA7F58C0039CCB5 /* NetworkDataLoader.swift in Sources */,
				649B02432AAA26EF0039CCB5 /* LocationSearchView.swift in Sources */,
				649B022B2AA91B8E0039CCB5 /* Mocks.Generated.swift in Sources */,
				649B02602AAA803F0039CCB5 /* CurrentWeatherEntity+TestData.swift in Sources */,
				649B02402AA9325F0039CCB5 /* CurrentWeatherViewModel+TestData.swift in Sources */,
				649B02622AAA80810039CCB5 /* CoordinateEntity+TestData.swift in Sources */,
				649B02152AA7E7B70039CCB5 /* CoreContainer+UseCases.swift in Sources */,
				649B021F2AA8793A0039CCB5 /* Color+Hex.swift in Sources */,
				649B02362AA920770039CCB5 /* LocationManager.swift in Sources */,
				649B02062AA7DFA80039CCB5 /* HTTPClient.swift in Sources */,
				649B02132AA7E7AC0039CCB5 /* CoreContainer+Repositories.swift in Sources */,
				649B01EB2AA7DA0B0039CCB5 /* CurrentWeatherEntity.swift in Sources */,
				649B024D2AAA2E800039CCB5 /* LocationSearchViewModel.swift in Sources */,
				649B01F02AA7DB4D0039CCB5 /* WeatherDataSource.swift in Sources */,
				649B02682AAA81650039CCB5 /* CloudCoverageEntity+TestData.swift in Sources */,
				649B024B2AAA2E2B0039CCB5 /* GetLocationsUseCase.swift in Sources */,
				649B02082AA7E05E0039CCB5 /* WeatherEndpoints.swift in Sources */,
				649B02662AAA811F0039CCB5 /* WindInformationEntity+TestData.swift in Sources */,
				649B02562AAA6FD60039CCB5 /* LocationSearchViewModel+TestData.swift in Sources */,
				649B02452AAA27AA0039CCB5 /* FlipCardView.swift in Sources */,
				649B020E2AA7E7330039CCB5 /* CoreContainer.swift in Sources */,
				649B02212AA87C7E0039CCB5 /* DegreeView.swift in Sources */,
				649B02002AA7DECB0039CCB5 /* Endpoint.swift in Sources */,
				649B02022AA7DF5A0039CCB5 /* RequestMethod.swift in Sources */,
				649B020C2AA7E7190039CCB5 /* WeatherRepositoryImpl.swift in Sources */,
				649B01F72AA7DC340039CCB5 /* WeatherAPIImpl.swift in Sources */,
				649B02492AAA2D070039CCB5 /* Location.swift in Sources */,
				649B01F52AA7DBD60039CCB5 /* Units.swift in Sources */,
				649B02472AAA2C6E0039CCB5 /* LocationEntity.swift in Sources */,
				649B02042AA7DF7B0039CCB5 /* RequestError.swift in Sources */,
				649B02112AA7E79F0039CCB5 /* CoreContainer+DataSources.swift in Sources */,
				649B02712AAA89450039CCB5 /* CurrentWeather+TestData.swift in Sources */,
				649B026C2AAA85EF0039CCB5 /* LocationEntity+TestData.swift in Sources */,
				649B02262AA917BE0039CCB5 /* CloudsView.swift in Sources */,
				649B01EE2AA7DAB00039CCB5 /* CurrentWeather.swift in Sources */,
				649B020A2AA7E6D00039CCB5 /* WeatherRepository.swift in Sources */,
				649B02642AAA80B20039CCB5 /* MainWeatherEntity+TestData.swift in Sources */,
				649B026A2AAA81990039CCB5 /* SystemInformationEntity+TestData.swift in Sources */,
				6481096D2AA7D4EF006A751C /* WeatherApp.swift in Sources */,
				649B02172AA7E8AD0039CCB5 /* GetCurrentWeatherUseCase.swift in Sources */,
				649B02282AA9185A0039CCB5 /* SunView.swift in Sources */,
				649B02242AA917330039CCB5 /* SkyBackgroundView.swift in Sources */,
				649B01F32AA7DBAB0039CCB5 /* Coordinate.swift in Sources */,
				649B024F2AAA6B180039CCB5 /* ErrorView.swift in Sources */,
				649B02192AA7EA750039CCB5 /* CurrentWeatherViewModel.swift in Sources */,
			);
			runOnlyForDeploymentPostprocessing = 0;
		};
		648109752AA7D4F1006A751C /* Sources */ = {
			isa = PBXSourcesBuildPhase;
			buildActionMask = 2147483647;
			files = (
				649B02752AAA8CBF0039CCB5 /* GetLocationsUseCaseTests.swift in Sources */,
				649B02732AAA8B850039CCB5 /* GetCurrentWeatherUseCaseTests.swift in Sources */,
				649B026F2AAA88C20039CCB5 /* WeatherRepositoryTests.swift in Sources */,
				649B02342AA91D300039CCB5 /* WeatherTestCase.swift in Sources */,
				649B025D2AAA7B220039CCB5 /* WeatherAPITests.swift in Sources */,
				649B02322AA91D110039CCB5 /* MockContainer.swift in Sources */,
				649B02772AAA90610039CCB5 /* CurrentWeatherViewModelTests.swift in Sources */,
			);
			runOnlyForDeploymentPostprocessing = 0;
		};
		649B02782AAA9D490039CCB5 /* Sources */ = {
			isa = PBXSourcesBuildPhase;
			buildActionMask = 2147483647;
			files = (
				649B02872AAA9D620039CCB5 /* FlipCardSnapshotTests.swift in Sources */,
				649B02882AAA9D620039CCB5 /* LocationSearchViewSnapshotTests.swift in Sources */,
				649B02962AAA9E930039CCB5 /* WeatherSnapshotTestCase.swift in Sources */,
				649B02852AAA9D5D0039CCB5 /* CurrentWeatherSnapshotTests.swift in Sources */,
				649B02892AAA9D680039CCB5 /* WeatherTestCase.swift in Sources */,
				649B028A2AAA9D680039CCB5 /* MockContainer.swift in Sources */,
			);
			runOnlyForDeploymentPostprocessing = 0;
		};
/* End PBXSourcesBuildPhase section */

/* Begin PBXTargetDependency section */
		6481097B2AA7D4F1006A751C /* PBXTargetDependency */ = {
			isa = PBXTargetDependency;
			target = 648109682AA7D4EF006A751C /* WeatherApp */;
			targetProxy = 6481097A2AA7D4F1006A751C /* PBXContainerItemProxy */;
		};
		649B02812AAA9D490039CCB5 /* PBXTargetDependency */ = {
			isa = PBXTargetDependency;
			target = 648109682AA7D4EF006A751C /* WeatherApp */;
			targetProxy = 649B02802AAA9D490039CCB5 /* PBXContainerItemProxy */;
		};
		649B02922AAA9E260039CCB5 /* PBXTargetDependency */ = {
			isa = PBXTargetDependency;
			productRef = 649B02912AAA9E260039CCB5 /* SnapshotTesting */;
		};
/* End PBXTargetDependency section */

/* Begin XCBuildConfiguration section */
		6481098B2AA7D4F1006A751C /* Debug */ = {
			isa = XCBuildConfiguration;
			buildSettings = {
				ALWAYS_SEARCH_USER_PATHS = NO;
				CLANG_ANALYZER_NONNULL = YES;
				CLANG_ANALYZER_NUMBER_OBJECT_CONVERSION = YES_AGGRESSIVE;
				CLANG_CXX_LANGUAGE_STANDARD = "gnu++20";
				CLANG_ENABLE_MODULES = YES;
				CLANG_ENABLE_OBJC_ARC = YES;
				CLANG_ENABLE_OBJC_WEAK = YES;
				CLANG_WARN_BLOCK_CAPTURE_AUTORELEASING = YES;
				CLANG_WARN_BOOL_CONVERSION = YES;
				CLANG_WARN_COMMA = YES;
				CLANG_WARN_CONSTANT_CONVERSION = YES;
				CLANG_WARN_DEPRECATED_OBJC_IMPLEMENTATIONS = YES;
				CLANG_WARN_DIRECT_OBJC_ISA_USAGE = YES_ERROR;
				CLANG_WARN_DOCUMENTATION_COMMENTS = YES;
				CLANG_WARN_EMPTY_BODY = YES;
				CLANG_WARN_ENUM_CONVERSION = YES;
				CLANG_WARN_INFINITE_RECURSION = YES;
				CLANG_WARN_INT_CONVERSION = YES;
				CLANG_WARN_NON_LITERAL_NULL_CONVERSION = YES;
				CLANG_WARN_OBJC_IMPLICIT_RETAIN_SELF = YES;
				CLANG_WARN_OBJC_LITERAL_CONVERSION = YES;
				CLANG_WARN_OBJC_ROOT_CLASS = YES_ERROR;
				CLANG_WARN_QUOTED_INCLUDE_IN_FRAMEWORK_HEADER = YES;
				CLANG_WARN_RANGE_LOOP_ANALYSIS = YES;
				CLANG_WARN_STRICT_PROTOTYPES = YES;
				CLANG_WARN_SUSPICIOUS_MOVE = YES;
				CLANG_WARN_UNGUARDED_AVAILABILITY = YES_AGGRESSIVE;
				CLANG_WARN_UNREACHABLE_CODE = YES;
				CLANG_WARN__DUPLICATE_METHOD_MATCH = YES;
				COPY_PHASE_STRIP = NO;
				DEBUG_INFORMATION_FORMAT = dwarf;
				ENABLE_STRICT_OBJC_MSGSEND = YES;
				ENABLE_TESTABILITY = YES;
				GCC_C_LANGUAGE_STANDARD = gnu11;
				GCC_DYNAMIC_NO_PIC = NO;
				GCC_NO_COMMON_BLOCKS = YES;
				GCC_OPTIMIZATION_LEVEL = 0;
				GCC_PREPROCESSOR_DEFINITIONS = (
					"DEBUG=1",
					"$(inherited)",
				);
				GCC_WARN_64_TO_32_BIT_CONVERSION = YES;
				GCC_WARN_ABOUT_RETURN_TYPE = YES_ERROR;
				GCC_WARN_UNDECLARED_SELECTOR = YES;
				GCC_WARN_UNINITIALIZED_AUTOS = YES_AGGRESSIVE;
				GCC_WARN_UNUSED_FUNCTION = YES;
				GCC_WARN_UNUSED_VARIABLE = YES;
				IPHONEOS_DEPLOYMENT_TARGET = 16.4;
				MTL_ENABLE_DEBUG_INFO = INCLUDE_SOURCE;
				MTL_FAST_MATH = YES;
				ONLY_ACTIVE_ARCH = YES;
				SDKROOT = iphoneos;
				SWIFT_ACTIVE_COMPILATION_CONDITIONS = DEBUG;
				SWIFT_OPTIMIZATION_LEVEL = "-Onone";
			};
			name = Debug;
		};
		6481098C2AA7D4F1006A751C /* Release */ = {
			isa = XCBuildConfiguration;
			buildSettings = {
				ALWAYS_SEARCH_USER_PATHS = NO;
				CLANG_ANALYZER_NONNULL = YES;
				CLANG_ANALYZER_NUMBER_OBJECT_CONVERSION = YES_AGGRESSIVE;
				CLANG_CXX_LANGUAGE_STANDARD = "gnu++20";
				CLANG_ENABLE_MODULES = YES;
				CLANG_ENABLE_OBJC_ARC = YES;
				CLANG_ENABLE_OBJC_WEAK = YES;
				CLANG_WARN_BLOCK_CAPTURE_AUTORELEASING = YES;
				CLANG_WARN_BOOL_CONVERSION = YES;
				CLANG_WARN_COMMA = YES;
				CLANG_WARN_CONSTANT_CONVERSION = YES;
				CLANG_WARN_DEPRECATED_OBJC_IMPLEMENTATIONS = YES;
				CLANG_WARN_DIRECT_OBJC_ISA_USAGE = YES_ERROR;
				CLANG_WARN_DOCUMENTATION_COMMENTS = YES;
				CLANG_WARN_EMPTY_BODY = YES;
				CLANG_WARN_ENUM_CONVERSION = YES;
				CLANG_WARN_INFINITE_RECURSION = YES;
				CLANG_WARN_INT_CONVERSION = YES;
				CLANG_WARN_NON_LITERAL_NULL_CONVERSION = YES;
				CLANG_WARN_OBJC_IMPLICIT_RETAIN_SELF = YES;
				CLANG_WARN_OBJC_LITERAL_CONVERSION = YES;
				CLANG_WARN_OBJC_ROOT_CLASS = YES_ERROR;
				CLANG_WARN_QUOTED_INCLUDE_IN_FRAMEWORK_HEADER = YES;
				CLANG_WARN_RANGE_LOOP_ANALYSIS = YES;
				CLANG_WARN_STRICT_PROTOTYPES = YES;
				CLANG_WARN_SUSPICIOUS_MOVE = YES;
				CLANG_WARN_UNGUARDED_AVAILABILITY = YES_AGGRESSIVE;
				CLANG_WARN_UNREACHABLE_CODE = YES;
				CLANG_WARN__DUPLICATE_METHOD_MATCH = YES;
				COPY_PHASE_STRIP = NO;
				DEBUG_INFORMATION_FORMAT = "dwarf-with-dsym";
				ENABLE_NS_ASSERTIONS = NO;
				ENABLE_STRICT_OBJC_MSGSEND = YES;
				GCC_C_LANGUAGE_STANDARD = gnu11;
				GCC_NO_COMMON_BLOCKS = YES;
				GCC_WARN_64_TO_32_BIT_CONVERSION = YES;
				GCC_WARN_ABOUT_RETURN_TYPE = YES_ERROR;
				GCC_WARN_UNDECLARED_SELECTOR = YES;
				GCC_WARN_UNINITIALIZED_AUTOS = YES_AGGRESSIVE;
				GCC_WARN_UNUSED_FUNCTION = YES;
				GCC_WARN_UNUSED_VARIABLE = YES;
				IPHONEOS_DEPLOYMENT_TARGET = 16.4;
				MTL_ENABLE_DEBUG_INFO = NO;
				MTL_FAST_MATH = YES;
				SDKROOT = iphoneos;
				SWIFT_COMPILATION_MODE = wholemodule;
				SWIFT_OPTIMIZATION_LEVEL = "-O";
				VALIDATE_PRODUCT = YES;
			};
			name = Release;
		};
		6481098E2AA7D4F1006A751C /* Debug */ = {
			isa = XCBuildConfiguration;
			buildSettings = {
				ASSETCATALOG_COMPILER_APPICON_NAME = AppIcon;
				ASSETCATALOG_COMPILER_GLOBAL_ACCENT_COLOR_NAME = AccentColor;
				CODE_SIGN_STYLE = Automatic;
				CURRENT_PROJECT_VERSION = 1;
				DEVELOPMENT_ASSET_PATHS = "\"WeatherApp/Preview Content\"";
				DEVELOPMENT_TEAM = KTD87B4D8C;
				ENABLE_PREVIEWS = YES;
				GENERATE_INFOPLIST_FILE = YES;
				INFOPLIST_KEY_NSLocationWhenInUseUsageDescription = "In order to be able to show the current weather we need your location";
				INFOPLIST_KEY_UIApplicationSceneManifest_Generation = YES;
				INFOPLIST_KEY_UIApplicationSupportsIndirectInputEvents = YES;
				INFOPLIST_KEY_UILaunchScreen_Generation = YES;
				INFOPLIST_KEY_UISupportedInterfaceOrientations_iPad = "UIInterfaceOrientationPortrait UIInterfaceOrientationPortraitUpsideDown UIInterfaceOrientationLandscapeLeft UIInterfaceOrientationLandscapeRight";
				INFOPLIST_KEY_UISupportedInterfaceOrientations_iPhone = "UIInterfaceOrientationPortrait UIInterfaceOrientationLandscapeLeft UIInterfaceOrientationLandscapeRight";
				LD_RUNPATH_SEARCH_PATHS = (
					"$(inherited)",
					"@executable_path/Frameworks",
				);
				MARKETING_VERSION = 1.0;
				PRODUCT_BUNDLE_IDENTIFIER = com.grytsenko.WeatherApp;
				PRODUCT_NAME = "$(TARGET_NAME)";
				SWIFT_EMIT_LOC_STRINGS = YES;
				SWIFT_VERSION = 5.0;
				TARGETED_DEVICE_FAMILY = "1,2";
			};
			name = Debug;
		};
		6481098F2AA7D4F1006A751C /* Release */ = {
			isa = XCBuildConfiguration;
			buildSettings = {
				ASSETCATALOG_COMPILER_APPICON_NAME = AppIcon;
				ASSETCATALOG_COMPILER_GLOBAL_ACCENT_COLOR_NAME = AccentColor;
				CODE_SIGN_STYLE = Automatic;
				CURRENT_PROJECT_VERSION = 1;
				DEVELOPMENT_ASSET_PATHS = "\"WeatherApp/Preview Content\"";
				DEVELOPMENT_TEAM = KTD87B4D8C;
				ENABLE_PREVIEWS = YES;
				GENERATE_INFOPLIST_FILE = YES;
				INFOPLIST_KEY_NSLocationWhenInUseUsageDescription = "In order to be able to show the current weather we need your location";
				INFOPLIST_KEY_UIApplicationSceneManifest_Generation = YES;
				INFOPLIST_KEY_UIApplicationSupportsIndirectInputEvents = YES;
				INFOPLIST_KEY_UILaunchScreen_Generation = YES;
				INFOPLIST_KEY_UISupportedInterfaceOrientations_iPad = "UIInterfaceOrientationPortrait UIInterfaceOrientationPortraitUpsideDown UIInterfaceOrientationLandscapeLeft UIInterfaceOrientationLandscapeRight";
				INFOPLIST_KEY_UISupportedInterfaceOrientations_iPhone = "UIInterfaceOrientationPortrait UIInterfaceOrientationLandscapeLeft UIInterfaceOrientationLandscapeRight";
				LD_RUNPATH_SEARCH_PATHS = (
					"$(inherited)",
					"@executable_path/Frameworks",
				);
				MARKETING_VERSION = 1.0;
				PRODUCT_BUNDLE_IDENTIFIER = com.grytsenko.WeatherApp;
				PRODUCT_NAME = "$(TARGET_NAME)";
				SWIFT_EMIT_LOC_STRINGS = YES;
				SWIFT_VERSION = 5.0;
				TARGETED_DEVICE_FAMILY = "1,2";
			};
			name = Release;
		};
		648109912AA7D4F1006A751C /* Debug */ = {
			isa = XCBuildConfiguration;
			buildSettings = {
				ALWAYS_EMBED_SWIFT_STANDARD_LIBRARIES = YES;
				BUNDLE_LOADER = "$(TEST_HOST)";
				CODE_SIGN_STYLE = Automatic;
				CURRENT_PROJECT_VERSION = 1;
				DEVELOPMENT_TEAM = KTD87B4D8C;
				GENERATE_INFOPLIST_FILE = YES;
				IPHONEOS_DEPLOYMENT_TARGET = 16.4;
				MARKETING_VERSION = 1.0;
				PRODUCT_BUNDLE_IDENTIFIER = com.grytsenko.WeatherAppTests;
				PRODUCT_NAME = "$(TARGET_NAME)";
				SWIFT_EMIT_LOC_STRINGS = NO;
				SWIFT_VERSION = 5.0;
				TARGETED_DEVICE_FAMILY = "1,2";
				TEST_HOST = "$(BUILT_PRODUCTS_DIR)/WeatherApp.app/$(BUNDLE_EXECUTABLE_FOLDER_PATH)/WeatherApp";
			};
			name = Debug;
		};
		648109922AA7D4F1006A751C /* Release */ = {
			isa = XCBuildConfiguration;
			buildSettings = {
				ALWAYS_EMBED_SWIFT_STANDARD_LIBRARIES = YES;
				BUNDLE_LOADER = "$(TEST_HOST)";
				CODE_SIGN_STYLE = Automatic;
				CURRENT_PROJECT_VERSION = 1;
				DEVELOPMENT_TEAM = KTD87B4D8C;
				GENERATE_INFOPLIST_FILE = YES;
				IPHONEOS_DEPLOYMENT_TARGET = 16.4;
				MARKETING_VERSION = 1.0;
				PRODUCT_BUNDLE_IDENTIFIER = com.grytsenko.WeatherAppTests;
				PRODUCT_NAME = "$(TARGET_NAME)";
				SWIFT_EMIT_LOC_STRINGS = NO;
				SWIFT_VERSION = 5.0;
				TARGETED_DEVICE_FAMILY = "1,2";
				TEST_HOST = "$(BUILT_PRODUCTS_DIR)/WeatherApp.app/$(BUNDLE_EXECUTABLE_FOLDER_PATH)/WeatherApp";
			};
			name = Release;
		};
		649B02832AAA9D490039CCB5 /* Debug */ = {
			isa = XCBuildConfiguration;
			buildSettings = {
				BUNDLE_LOADER = "$(TEST_HOST)";
				CODE_SIGN_STYLE = Automatic;
				CURRENT_PROJECT_VERSION = 1;
				DEVELOPMENT_TEAM = KTD87B4D8C;
				GENERATE_INFOPLIST_FILE = YES;
				MARKETING_VERSION = 1.0;
				PRODUCT_BUNDLE_IDENTIFIER = com.grytsenko.SnapshotTests;
				PRODUCT_NAME = "$(TARGET_NAME)";
				SWIFT_EMIT_LOC_STRINGS = NO;
				SWIFT_VERSION = 5.0;
				TARGETED_DEVICE_FAMILY = "1,2";
				TEST_HOST = "$(BUILT_PRODUCTS_DIR)/WeatherApp.app/$(BUNDLE_EXECUTABLE_FOLDER_PATH)/WeatherApp";
			};
			name = Debug;
		};
		649B02842AAA9D490039CCB5 /* Release */ = {
			isa = XCBuildConfiguration;
			buildSettings = {
				BUNDLE_LOADER = "$(TEST_HOST)";
				CODE_SIGN_STYLE = Automatic;
				CURRENT_PROJECT_VERSION = 1;
				DEVELOPMENT_TEAM = KTD87B4D8C;
				GENERATE_INFOPLIST_FILE = YES;
				MARKETING_VERSION = 1.0;
				PRODUCT_BUNDLE_IDENTIFIER = com.grytsenko.SnapshotTests;
				PRODUCT_NAME = "$(TARGET_NAME)";
				SWIFT_EMIT_LOC_STRINGS = NO;
				SWIFT_VERSION = 5.0;
				TARGETED_DEVICE_FAMILY = "1,2";
				TEST_HOST = "$(BUILT_PRODUCTS_DIR)/WeatherApp.app/$(BUNDLE_EXECUTABLE_FOLDER_PATH)/WeatherApp";
			};
			name = Release;
		};
/* End XCBuildConfiguration section */

/* Begin XCConfigurationList section */
		648109642AA7D4EF006A751C /* Build configuration list for PBXProject "WeatherApp" */ = {
			isa = XCConfigurationList;
			buildConfigurations = (
				6481098B2AA7D4F1006A751C /* Debug */,
				6481098C2AA7D4F1006A751C /* Release */,
			);
			defaultConfigurationIsVisible = 0;
			defaultConfigurationName = Release;
		};
		6481098D2AA7D4F1006A751C /* Build configuration list for PBXNativeTarget "WeatherApp" */ = {
			isa = XCConfigurationList;
			buildConfigurations = (
				6481098E2AA7D4F1006A751C /* Debug */,
				6481098F2AA7D4F1006A751C /* Release */,
			);
			defaultConfigurationIsVisible = 0;
			defaultConfigurationName = Release;
		};
		648109902AA7D4F1006A751C /* Build configuration list for PBXNativeTarget "UnitTests" */ = {
			isa = XCConfigurationList;
			buildConfigurations = (
				648109912AA7D4F1006A751C /* Debug */,
				648109922AA7D4F1006A751C /* Release */,
			);
			defaultConfigurationIsVisible = 0;
			defaultConfigurationName = Release;
		};
		649B02822AAA9D490039CCB5 /* Build configuration list for PBXNativeTarget "SnapshotTests" */ = {
			isa = XCConfigurationList;
			buildConfigurations = (
				649B02832AAA9D490039CCB5 /* Debug */,
				649B02842AAA9D490039CCB5 /* Release */,
			);
			defaultConfigurationIsVisible = 0;
			defaultConfigurationName = Release;
		};
/* End XCConfigurationList section */

/* Begin XCRemoteSwiftPackageReference section */
		649B01F82AA7DC570039CCB5 /* XCRemoteSwiftPackageReference "Factory" */ = {
			isa = XCRemoteSwiftPackageReference;
			repositoryURL = "https://github.com/hmlongco/Factory";
			requirement = {
				kind = upToNextMinorVersion;
				minimumVersion = 2.2.0;
			};
		};
		649B022C2AA91CF10039CCB5 /* XCRemoteSwiftPackageReference "swift-snapshot-testing" */ = {
			isa = XCRemoteSwiftPackageReference;
			repositoryURL = "https://github.com/pointfreeco/swift-snapshot-testing";
			requirement = {
				kind = upToNextMinorVersion;
				minimumVersion = 1.12.0;
			};
		};
/* End XCRemoteSwiftPackageReference section */

/* Begin XCSwiftPackageProductDependency section */
		649B01F92AA7DC570039CCB5 /* Factory */ = {
			isa = XCSwiftPackageProductDependency;
			package = 649B01F82AA7DC570039CCB5 /* XCRemoteSwiftPackageReference "Factory" */;
			productName = Factory;
		};
		649B02912AAA9E260039CCB5 /* SnapshotTesting */ = {
			isa = XCSwiftPackageProductDependency;
			package = 649B022C2AA91CF10039CCB5 /* XCRemoteSwiftPackageReference "swift-snapshot-testing" */;
			productName = SnapshotTesting;
		};
		649B02932AAA9E480039CCB5 /* SnapshotTesting */ = {
			isa = XCSwiftPackageProductDependency;
			package = 649B022C2AA91CF10039CCB5 /* XCRemoteSwiftPackageReference "swift-snapshot-testing" */;
			productName = SnapshotTesting;
		};
/* End XCSwiftPackageProductDependency section */
	};
	rootObject = 648109612AA7D4EF006A751C /* Project object */;
}
